
Microsoft Visual Studio Solution File, Format Version 12.00
# Visual Studio Version 16
VisualStudioVersion = 16.0.810.16
MinimumVisualStudioVersion = 10.0.40219.1
Project("{2150E333-8FDC-42A3-9474-1A3956D46DE8}") = "src", "src", "{CF6850E1-F0FC-4A92-AE83-F8991F9FF4CA}"
EndProject
Project("{2150E333-8FDC-42A3-9474-1A3956D46DE8}") = "test", "test", "{8E0C6DBF-EC38-4181-9526-BD87CFA2D39B}"
EndProject
Project("{2150E333-8FDC-42A3-9474-1A3956D46DE8}") = "Core", "Core", "{AD662D90-BFC7-4F29-84E8-B5FE2F5C40CA}"
EndProject
Project("{2150E333-8FDC-42A3-9474-1A3956D46DE8}") = "Infratructure", "Infratructure", "{91718B71-91F7-43A8-8BAD-37AA524B2A78}"
EndProject
Project("{2150E333-8FDC-42A3-9474-1A3956D46DE8}") = "Presentation", "Presentation", "{054E4506-DEE7-4DC2-8BDD-9C1706396924}"
EndProject
Project("{FAE04EC0-301F-11D3-BF4B-00C04F79EFBC}") = "Pokemon.Api", "Pokemon.Api\Pokemon.Api.csproj", "{1664B7D8-0877-4AC7-9502-B38A0F579604}"
EndProject
Project("{FAE04EC0-301F-11D3-BF4B-00C04F79EFBC}") = "Pokemon.ServiceProvider", "Pokemon.ServiceProvider\Pokemon.ServiceProvider.csproj", "{AB82429C-C4A5-48E3-9781-87B7A8F95722}"
EndProject
Project("{FAE04EC0-301F-11D3-BF4B-00C04F79EFBC}") = "Pokemon.CachingService", "Pokemon.Redis\Pokemon.CachingService.csproj", "{74EFA66F-B2F8-45BA-BB8B-317EE59D28D8}"
EndProject
Project("{FAE04EC0-301F-11D3-BF4B-00C04F79EFBC}") = "Pokemon.Application", "Pokemon.Application\Pokemon.Application.csproj", "{9E689049-0968-4FE1-BADA-02CFD0F81BF7}"
EndProject
Project("{FAE04EC0-301F-11D3-BF4B-00C04F79EFBC}") = "Pokemon.Model", "Pokemon.Model\Pokemon.Model.csproj", "{54F80A70-FF58-4C17-A4E0-515A1D7D849C}"
EndProject
Project("{FAE04EC0-301F-11D3-BF4B-00C04F79EFBC}") = "Pokemon.Common", "Pokemon.Common\Pokemon.Common.csproj", "{E6864C1C-9EB6-4FCD-88AD-C337BB734DAE}"
EndProject
Project("{E53339B2-1760-4266-BCC7-CA923CBCF16C}") = "docker-compose", "docker-compose.dcproj", "{71C1AE16-62DA-426A-BD0A-59A69BA8E066}"
EndProject
Project("{FAE04EC0-301F-11D3-BF4B-00C04F79EFBC}") = "Pokemon.UnitTest", "Pokemon.UnitTest\Pokemon.UnitTest.csproj", "{6775E7B2-7DDD-4E55-8CD3-326593133432}"
EndProject
Project("{2150E333-8FDC-42A3-9474-1A3956D46DE8}") = "Solution Items", "Solution Items", "{EA1BDBC0-FA89-44E1-B7F0-01B14D2D3B98}"
EndProject
Global
	GlobalSection(SolutionConfigurationPlatforms) = preSolution
		Debug|Any CPU = Debug|Any CPU
		Release|Any CPU = Release|Any CPU
	EndGlobalSection
	GlobalSection(ProjectConfigurationPlatforms) = postSolution
		{1664B7D8-0877-4AC7-9502-B38A0F579604}.Debug|Any CPU.ActiveCfg = Debug|Any CPU
		{1664B7D8-0877-4AC7-9502-B38A0F579604}.Debug|Any CPU.Build.0 = Debug|Any CPU
		{1664B7D8-0877-4AC7-9502-B38A0F579604}.Release|Any CPU.ActiveCfg = Release|Any CPU
		{1664B7D8-0877-4AC7-9502-B38A0F579604}.Release|Any CPU.Build.0 = Release|Any CPU
		{AB82429C-C4A5-48E3-9781-87B7A8F95722}.Debug|Any CPU.ActiveCfg = Debug|Any CPU
		{AB82429C-C4A5-48E3-9781-87B7A8F95722}.Debug|Any CPU.Build.0 = Debug|Any CPU
		{AB82429C-C4A5-48E3-9781-87B7A8F95722}.Release|Any CPU.ActiveCfg = Release|Any CPU
		{AB82429C-C4A5-48E3-9781-87B7A8F95722}.Release|Any CPU.Build.0 = Release|Any CPU
		{74EFA66F-B2F8-45BA-BB8B-317EE59D28D8}.Debug|Any CPU.ActiveCfg = Debug|Any CPU
		{74EFA66F-B2F8-45BA-BB8B-317EE59D28D8}.Debug|Any CPU.Build.0 = Debug|Any CPU
		{74EFA66F-B2F8-45BA-BB8B-317EE59D28D8}.Release|Any CPU.ActiveCfg = Release|Any CPU
		{74EFA66F-B2F8-45BA-BB8B-317EE59D28D8}.Release|Any CPU.Build.0 = Release|Any CPU
		{9E689049-0968-4FE1-BADA-02CFD0F81BF7}.Debug|Any CPU.ActiveCfg = Debug|Any CPU
		{9E689049-0968-4FE1-BADA-02CFD0F81BF7}.Debug|Any CPU.Build.0 = Debug|Any CPU
		{9E689049-0968-4FE1-BADA-02CFD0F81BF7}.Release|Any CPU.ActiveCfg = Release|Any CPU
		{9E689049-0968-4FE1-BADA-02CFD0F81BF7}.Release|Any CPU.Build.0 = Release|Any CPU
		{54F80A70-FF58-4C17-A4E0-515A1D7D849C}.Debug|Any CPU.ActiveCfg = Debug|Any CPU
		{54F80A70-FF58-4C17-A4E0-515A1D7D849C}.Debug|Any CPU.Build.0 = Debug|Any CPU
		{54F80A70-FF58-4C17-A4E0-515A1D7D849C}.Release|Any CPU.ActiveCfg = Release|Any CPU
		{54F80A70-FF58-4C17-A4E0-515A1D7D849C}.Release|Any CPU.Build.0 = Release|Any CPU
		{E6864C1C-9EB6-4FCD-88AD-C337BB734DAE}.Debug|Any CPU.ActiveCfg = Debug|Any CPU
		{E6864C1C-9EB6-4FCD-88AD-C337BB734DAE}.Debug|Any CPU.Build.0 = Debug|Any CPU
		{E6864C1C-9EB6-4FCD-88AD-C337BB734DAE}.Release|Any CPU.ActiveCfg = Release|Any CPU
		{E6864C1C-9EB6-4FCD-88AD-C337BB734DAE}.Release|Any CPU.Build.0 = Release|Any CPU
		{71C1AE16-62DA-426A-BD0A-59A69BA8E066}.Debug|Any CPU.ActiveCfg = Debug|Any CPU
		{71C1AE16-62DA-426A-BD0A-59A69BA8E066}.Debug|Any CPU.Build.0 = Debug|Any CPU
		{71C1AE16-62DA-426A-BD0A-59A69BA8E066}.Release|Any CPU.ActiveCfg = Release|Any CPU
		{71C1AE16-62DA-426A-BD0A-59A69BA8E066}.Release|Any CPU.Build.0 = Release|Any CPU
		{6775E7B2-7DDD-4E55-8CD3-326593133432}.Debug|Any CPU.ActiveCfg = Debug|Any CPU
		{6775E7B2-7DDD-4E55-8CD3-326593133432}.Debug|Any CPU.Build.0 = Debug|Any CPU
		{6775E7B2-7DDD-4E55-8CD3-326593133432}.Release|Any CPU.ActiveCfg = Release|Any CPU
		{6775E7B2-7DDD-4E55-8CD3-326593133432}.Release|Any CPU.Build.0 = Release|Any CPU
	EndGlobalSection
	GlobalSection(SolutionProperties) = preSolution
		HideSolutionNode = FALSE
	EndGlobalSection
	GlobalSection(ExtensibilityGlobals) = postSolution
		SolutionGuid = {29842429-9F27-46BA-AAA9-473A31C82DBB}
	EndGlobalSection
	GlobalSection(NestedProjects) = preSolution
		{AD662D90-BFC7-4F29-84E8-B5FE2F5C40CA} = {CF6850E1-F0FC-4A92-AE83-F8991F9FF4CA}
		{91718B71-91F7-43A8-8BAD-37AA524B2A78} = {CF6850E1-F0FC-4A92-AE83-F8991F9FF4CA}
		{054E4506-DEE7-4DC2-8BDD-9C1706396924} = {CF6850E1-F0FC-4A92-AE83-F8991F9FF4CA}
		{1664B7D8-0877-4AC7-9502-B38A0F579604} = {054E4506-DEE7-4DC2-8BDD-9C1706396924}
		{AB82429C-C4A5-48E3-9781-87B7A8F95722} = {91718B71-91F7-43A8-8BAD-37AA524B2A78}
		{74EFA66F-B2F8-45BA-BB8B-317EE59D28D8} = {91718B71-91F7-43A8-8BAD-37AA524B2A78}
		{9E689049-0968-4FE1-BADA-02CFD0F81BF7} = {AD662D90-BFC7-4F29-84E8-B5FE2F5C40CA}
		{54F80A70-FF58-4C17-A4E0-515A1D7D849C} = {AD662D90-BFC7-4F29-84E8-B5FE2F5C40CA}
		{E6864C1C-9EB6-4FCD-88AD-C337BB734DAE} = {AD662D90-BFC7-4F29-84E8-B5FE2F5C40CA}
		{6775E7B2-7DDD-4E55-8CD3-326593133432} = {8E0C6DBF-EC38-4181-9526-BD87CFA2D39B}
	EndGlobalSection
EndGlobal
